PODS:
  - HGCircularSlider (2.2.0)
  - McPicker (3.0.0)

DEPENDENCIES:
  - HGCircularSlider (~> 2.2.0)
  - McPicker (~> 3.0.0)

SPEC REPOS:
  trunk:
    - HGCircularSlider
    - McPicker

SPEC CHECKSUMS:
  HGCircularSlider: afb1942743a2df156dcc7a3500216e523e14266b
  McPicker: ba38be56a8194faa5249eca4226c364eed628044

PODFILE CHECKSUM: 5bd64e3c9508513d0455519a9e3c3079f9625cb3

COCOAPODS: 1.10.1
