// !$*UTF8*$!
{
	archiveVersion = 1;
	classes = {
	};
	objectVersion = 52;
	objects = {

/* Begin PBXBuildFile section */
		2C026DDC2849C2D800AB1C78 /* AVFoundation.framework in Frameworks */ = {isa = PBXBuildFile; fileRef = 2CD8FD8C26293819006D7FF8 /* AVFoundation.framework */; settings = {ATTRIBUTES = (Required, ); }; };
		2C14C1A223FBCEAE005D764A /* 4tracks.mid in Resources */ = {isa = PBXBuildFile; fileRef = 2C14C1A123FBCEAE005D764A /* 4tracks.mid */; };
		2C25E6F52905F897006B2D59 /* TransparentThumbSlider.swift in Sources */ = {isa = PBXBuildFile; fileRef = 2C25E6F42905F897006B2D59 /* TransparentThumbSlider.swift */; };
		2C3909932910A72D0008308F /* Collections in Frameworks */ = {isa = PBXBuildFile; productRef = 2C3909922910A72D0008308F /* Collections */; };
		2C3909952910A72D0008308F /* DequeModule in Frameworks */ = {isa = PBXBuildFile; productRef = 2C3909942910A72D0008308F /* DequeModule */; };
		2C3909972910A72D0008308F /* OrderedCollections in Frameworks */ = {isa = PBXBuildFile; productRef = 2C3909962910A72D0008308F /* OrderedCollections */; };
		2C40F42125A7C24D000CB925 /* parley bold.ttf in Resources */ = {isa = PBXBuildFile; fileRef = 2C40F42025A7C172000CB925 /* parley bold.ttf */; };
		2C58E1D3241087AF0045929E /* Mute.swift in Sources */ = {isa = PBXBuildFile; fileRef = 2C58E1D2241087AF0045929E /* Mute.swift */; };
		2C58E1D52410DDDF0045929E /* Snooze.swift in Sources */ = {isa = PBXBuildFile; fileRef = 2C58E1D42410DDDF0045929E /* Snooze.swift */; };
		2C6F6F15261BF2B1000CE29F /* K.swift in Sources */ = {isa = PBXBuildFile; fileRef = 2C6F6F14261BF2B1000CE29F /* K.swift */; };
		2C6F6F21261D5A5A000CE29F /* Pods_Four_Brains.framework in Frameworks */ = {isa = PBXBuildFile; fileRef = 8E15CB79A7D359F076EB77EB /* Pods_Four_Brains.framework */; };
		2C7B386023ED28AC00C120E7 /* Metronome.swift in Sources */ = {isa = PBXBuildFile; fileRef = 2C7B385F23ED28AC00C120E7 /* Metronome.swift */; };
		2C7B386223ED294600C120E7 /* DrumSounds.swift in Sources */ = {isa = PBXBuildFile; fileRef = 2C7B386123ED294600C120E7 /* DrumSounds.swift */; };
		2C7B386423ED299A00C120E7 /* PlayBackEngine.swift in Sources */ = {isa = PBXBuildFile; fileRef = 2C7B386323ED299A00C120E7 /* PlayBackEngine.swift */; };
		2C7C0D582403B5BC006ACD98 /* WholeBeat.swift in Sources */ = {isa = PBXBuildFile; fileRef = 2C7C0D572403B5BC006ACD98 /* WholeBeat.swift */; };
		2C8C14A02910A97F005A4CB4 /* AudioKit in Frameworks */ = {isa = PBXBuildFile; productRef = 2C8C149F2910A97F005A4CB4 /* AudioKit */; };
		2CAAEA042856B10300462B2F /* SelectBeatCards.swift in Sources */ = {isa = PBXBuildFile; fileRef = 2CAAEA032856B10300462B2F /* SelectBeatCards.swift */; };
		2CBCEA0B23FE62FB00B7FFC3 /* bass_drum_C1.wav in Resources */ = {isa = PBXBuildFile; fileRef = 2CBCEA0323FE62F900B7FFC3 /* bass_drum_C1.wav */; };
		2CBCEA0C23FE62FB00B7FFC3 /* mid_tom_B1.wav in Resources */ = {isa = PBXBuildFile; fileRef = 2CBCEA0423FE62F900B7FFC3 /* mid_tom_B1.wav */; };
		2CBCEA0D23FE62FB00B7FFC3 /* open_hi_hat_A#1.wav in Resources */ = {isa = PBXBuildFile; fileRef = 2CBCEA0523FE62FA00B7FFC3 /* open_hi_hat_A#1.wav */; };
		2CBCEA0E23FE62FB00B7FFC3 /* snare_D1.wav in Resources */ = {isa = PBXBuildFile; fileRef = 2CBCEA0623FE62FA00B7FFC3 /* snare_D1.wav */; };
		2CBCEA0F23FE62FB00B7FFC3 /* lo_tom_F1.wav in Resources */ = {isa = PBXBuildFile; fileRef = 2CBCEA0723FE62FA00B7FFC3 /* lo_tom_F1.wav */; };
		2CBCEA1023FE62FB00B7FFC3 /* closed_hi_hat_F#1.wav in Resources */ = {isa = PBXBuildFile; fileRef = 2CBCEA0823FE62FA00B7FFC3 /* closed_hi_hat_F#1.wav */; };
		2CBCEA1123FE62FB00B7FFC3 /* clap_D#1.wav in Resources */ = {isa = PBXBuildFile; fileRef = 2CBCEA0923FE62FA00B7FFC3 /* clap_D#1.wav */; };
		2CBCEA1223FE62FB00B7FFC3 /* hi_tom_D2.wav in Resources */ = {isa = PBXBuildFile; fileRef = 2CBCEA0A23FE62FA00B7FFC3 /* hi_tom_D2.wav */; };
		2CC459202403364000176304 /* Randomization.swift in Sources */ = {isa = PBXBuildFile; fileRef = 2CC4591F2403364000176304 /* Randomization.swift */; };
		2CD14C1123DA6E0E00157D75 /* AppDelegate.swift in Sources */ = {isa = PBXBuildFile; fileRef = 2CD14C1023DA6E0E00157D75 /* AppDelegate.swift */; };
		2CD14C1323DA6E0E00157D75 /* SceneDelegate.swift in Sources */ = {isa = PBXBuildFile; fileRef = 2CD14C1223DA6E0E00157D75 /* SceneDelegate.swift */; };
		2CD14C1523DA6E0E00157D75 /* HomeScreenViewController.swift in Sources */ = {isa = PBXBuildFile; fileRef = 2CD14C1423DA6E0E00157D75 /* HomeScreenViewController.swift */; };
		2CD14C1823DA6E0E00157D75 /* Main.storyboard in Resources */ = {isa = PBXBuildFile; fileRef = 2CD14C1623DA6E0E00157D75 /* Main.storyboard */; };
		2CD14C1A23DA6E1100157D75 /* Assets.xcassets in Resources */ = {isa = PBXBuildFile; fileRef = 2CD14C1923DA6E1100157D75 /* Assets.xcassets */; };
		2CD14C1D23DA6E1100157D75 /* LaunchScreen.storyboard in Resources */ = {isa = PBXBuildFile; fileRef = 2CD14C1B23DA6E1100157D75 /* LaunchScreen.storyboard */; };
		2CDA10E623EAB76900014D55 /* BeatCard.swift in Sources */ = {isa = PBXBuildFile; fileRef = 2CDA10E523EAB76900014D55 /* BeatCard.swift */; };
/* End PBXBuildFile section */

/* Begin PBXFileReference section */
		2C14C1A123FBCEAE005D764A /* 4tracks.mid */ = {isa = PBXFileReference; lastKnownFileType = audio.midi; path = 4tracks.mid; sourceTree = "<group>"; };
		2C25E6F42905F897006B2D59 /* TransparentThumbSlider.swift */ = {isa = PBXFileReference; lastKnownFileType = sourcecode.swift; path = TransparentThumbSlider.swift; sourceTree = "<group>"; };
		2C40F42025A7C172000CB925 /* parley bold.ttf */ = {isa = PBXFileReference; lastKnownFileType = file; path = "parley bold.ttf"; sourceTree = "<group>"; };
		2C58E1D2241087AF0045929E /* Mute.swift */ = {isa = PBXFileReference; lastKnownFileType = sourcecode.swift; path = Mute.swift; sourceTree = "<group>"; };
		2C58E1D42410DDDF0045929E /* Snooze.swift */ = {isa = PBXFileReference; lastKnownFileType = sourcecode.swift; path = Snooze.swift; sourceTree = "<group>"; };
		2C6F6F14261BF2B1000CE29F /* K.swift */ = {isa = PBXFileReference; lastKnownFileType = sourcecode.swift; path = K.swift; sourceTree = "<group>"; };
		2C7B385F23ED28AC00C120E7 /* Metronome.swift */ = {isa = PBXFileReference; lastKnownFileType = sourcecode.swift; path = Metronome.swift; sourceTree = "<group>"; };
		2C7B386123ED294600C120E7 /* DrumSounds.swift */ = {isa = PBXFileReference; lastKnownFileType = sourcecode.swift; path = DrumSounds.swift; sourceTree = "<group>"; };
		2C7B386323ED299A00C120E7 /* PlayBackEngine.swift */ = {isa = PBXFileReference; lastKnownFileType = sourcecode.swift; path = PlayBackEngine.swift; sourceTree = "<group>"; };
		2C7C0D572403B5BC006ACD98 /* WholeBeat.swift */ = {isa = PBXFileReference; lastKnownFileType = sourcecode.swift; path = WholeBeat.swift; sourceTree = "<group>"; };
		2CAAEA032856B10300462B2F /* SelectBeatCards.swift */ = {isa = PBXFileReference; lastKnownFileType = sourcecode.swift; path = SelectBeatCards.swift; sourceTree = "<group>"; };
		2CBCEA0323FE62F900B7FFC3 /* bass_drum_C1.wav */ = {isa = PBXFileReference; lastKnownFileType = audio.wav; path = bass_drum_C1.wav; sourceTree = "<group>"; };
		2CBCEA0423FE62F900B7FFC3 /* mid_tom_B1.wav */ = {isa = PBXFileReference; lastKnownFileType = audio.wav; path = mid_tom_B1.wav; sourceTree = "<group>"; };
		2CBCEA0523FE62FA00B7FFC3 /* open_hi_hat_A#1.wav */ = {isa = PBXFileReference; lastKnownFileType = audio.wav; path = "open_hi_hat_A#1.wav"; sourceTree = "<group>"; };
		2CBCEA0623FE62FA00B7FFC3 /* snare_D1.wav */ = {isa = PBXFileReference; lastKnownFileType = audio.wav; path = snare_D1.wav; sourceTree = "<group>"; };
		2CBCEA0723FE62FA00B7FFC3 /* lo_tom_F1.wav */ = {isa = PBXFileReference; lastKnownFileType = audio.wav; path = lo_tom_F1.wav; sourceTree = "<group>"; };
		2CBCEA0823FE62FA00B7FFC3 /* closed_hi_hat_F#1.wav */ = {isa = PBXFileReference; lastKnownFileType = audio.wav; path = "closed_hi_hat_F#1.wav"; sourceTree = "<group>"; };
		2CBCEA0923FE62FA00B7FFC3 /* clap_D#1.wav */ = {isa = PBXFileReference; lastKnownFileType = audio.wav; path = "clap_D#1.wav"; sourceTree = "<group>"; };
		2CBCEA0A23FE62FA00B7FFC3 /* hi_tom_D2.wav */ = {isa = PBXFileReference; lastKnownFileType = audio.wav; path = hi_tom_D2.wav; sourceTree = "<group>"; };
		2CC4591F2403364000176304 /* Randomization.swift */ = {isa = PBXFileReference; lastKnownFileType = sourcecode.swift; path = Randomization.swift; sourceTree = "<group>"; };
		2CD14C0D23DA6E0E00157D75 /* Four Brains.app */ = {isa = PBXFileReference; explicitFileType = wrapper.application; includeInIndex = 0; path = "Four Brains.app"; sourceTree = BUILT_PRODUCTS_DIR; };
		2CD14C1023DA6E0E00157D75 /* AppDelegate.swift */ = {isa = PBXFileReference; lastKnownFileType = sourcecode.swift; path = AppDelegate.swift; sourceTree = "<group>"; };
		2CD14C1223DA6E0E00157D75 /* SceneDelegate.swift */ = {isa = PBXFileReference; lastKnownFileType = sourcecode.swift; path = SceneDelegate.swift; sourceTree = "<group>"; };
		2CD14C1423DA6E0E00157D75 /* HomeScreenViewController.swift */ = {isa = PBXFileReference; lastKnownFileType = sourcecode.swift; path = HomeScreenViewController.swift; sourceTree = "<group>"; };
		2CD14C1723DA6E0E00157D75 /* Base */ = {isa = PBXFileReference; lastKnownFileType = file.storyboard; name = Base; path = Base.lproj/Main.storyboard; sourceTree = "<group>"; };
		2CD14C1923DA6E1100157D75 /* Assets.xcassets */ = {isa = PBXFileReference; lastKnownFileType = folder.assetcatalog; path = Assets.xcassets; sourceTree = "<group>"; };
		2CD14C1C23DA6E1100157D75 /* Base */ = {isa = PBXFileReference; lastKnownFileType = file.storyboard; name = Base; path = Base.lproj/LaunchScreen.storyboard; sourceTree = "<group>"; };
		2CD14C1E23DA6E1100157D75 /* Info.plist */ = {isa = PBXFileReference; lastKnownFileType = text.plist.xml; path = Info.plist; sourceTree = "<group>"; };
		2CD8FD8C26293819006D7FF8 /* AVFoundation.framework */ = {isa = PBXFileReference; lastKnownFileType = wrapper.framework; name = AVFoundation.framework; path = System/Library/Frameworks/AVFoundation.framework; sourceTree = SDKROOT; };
		2CDA10E523EAB76900014D55 /* BeatCard.swift */ = {isa = PBXFileReference; lastKnownFileType = sourcecode.swift; path = BeatCard.swift; sourceTree = "<group>"; };
		8E15CB79A7D359F076EB77EB /* Pods_Four_Brains.framework */ = {isa = PBXFileReference; explicitFileType = wrapper.framework; includeInIndex = 0; path = Pods_Four_Brains.framework; sourceTree = BUILT_PRODUCTS_DIR; };
		C0C84D486AF7D670341AE9C6 /* Pods-Four Brains.release.xcconfig */ = {isa = PBXFileReference; includeInIndex = 1; lastKnownFileType = text.xcconfig; name = "Pods-Four Brains.release.xcconfig"; path = "Target Support Files/Pods-Four Brains/Pods-Four Brains.release.xcconfig"; sourceTree = "<group>"; };
		DA235EE71FAA0FEAE432373D /* Pods-Four Brains.debug.xcconfig */ = {isa = PBXFileReference; includeInIndex = 1; lastKnownFileType = text.xcconfig; name = "Pods-Four Brains.debug.xcconfig"; path = "Target Support Files/Pods-Four Brains/Pods-Four Brains.debug.xcconfig"; sourceTree = "<group>"; };
/* End PBXFileReference section */

/* Begin PBXFrameworksBuildPhase section */
		2CD14C0A23DA6E0E00157D75 /* Frameworks */ = {
			isa = PBXFrameworksBuildPhase;
			buildActionMask = 2147483647;
			files = (
				2C8C14A02910A97F005A4CB4 /* AudioKit in Frameworks */,
				2C026DDC2849C2D800AB1C78 /* AVFoundation.framework in Frameworks */,
				2C3909972910A72D0008308F /* OrderedCollections in Frameworks */,
				2C3909952910A72D0008308F /* DequeModule in Frameworks */,
				2C3909932910A72D0008308F /* Collections in Frameworks */,
				2C6F6F21261D5A5A000CE29F /* Pods_Four_Brains.framework in Frameworks */,
			);
			runOnlyForDeploymentPostprocessing = 0;
		};
/* End PBXFrameworksBuildPhase section */

/* Begin PBXGroup section */
		2C14C1A023FBCE6E005D764A /* MIDI */ = {
			isa = PBXGroup;
			children = (
				2C14C1A123FBCEAE005D764A /* 4tracks.mid */,
			);
			path = MIDI;
			sourceTree = "<group>";
		};
		2CD14C0423DA6E0E00157D75 = {
			isa = PBXGroup;
			children = (
				2CD14C0F23DA6E0E00157D75 /* Four Brains */,
				2CDC809F23FB9E3E00EAA6F3 /* Samples */,
				2C14C1A023FBCE6E005D764A /* MIDI */,
				2CD14C0E23DA6E0E00157D75 /* Products */,
				8ECAB7EAB8580F1514E88939 /* Pods */,
				A2BBFC49ABB4D322D042DCCE /* Frameworks */,
			);
			sourceTree = "<group>";
		};
		2CD14C0E23DA6E0E00157D75 /* Products */ = {
			isa = PBXGroup;
			children = (
				2CD14C0D23DA6E0E00157D75 /* Four Brains.app */,
			);
			name = Products;
			sourceTree = "<group>";
		};
		2CD14C0F23DA6E0E00157D75 /* Four Brains */ = {
			isa = PBXGroup;
			children = (
				2CD14C1023DA6E0E00157D75 /* AppDelegate.swift */,
				2CD14C1223DA6E0E00157D75 /* SceneDelegate.swift */,
				2CDA10EC23EBA0F500014D55 /* Model */,
				2CDA10ED23EBA10700014D55 /* View */,
				2CDA10EE23EBA10E00014D55 /* Controller */,
				2CD14C1923DA6E1100157D75 /* Assets.xcassets */,
				2C40F42025A7C172000CB925 /* parley bold.ttf */,
				2CD14C1E23DA6E1100157D75 /* Info.plist */,
			);
			path = "Four Brains";
			sourceTree = "<group>";
		};
		2CDA10EC23EBA0F500014D55 /* Model */ = {
			isa = PBXGroup;
			children = (
				2CDA10E523EAB76900014D55 /* BeatCard.swift */,
				2C7B385F23ED28AC00C120E7 /* Metronome.swift */,
				2C7B386123ED294600C120E7 /* DrumSounds.swift */,
				2C7B386323ED299A00C120E7 /* PlayBackEngine.swift */,
				2CC4591F2403364000176304 /* Randomization.swift */,
				2C7C0D572403B5BC006ACD98 /* WholeBeat.swift */,
				2C58E1D2241087AF0045929E /* Mute.swift */,
				2C58E1D42410DDDF0045929E /* Snooze.swift */,
				2C6F6F14261BF2B1000CE29F /* K.swift */,
				2CAAEA032856B10300462B2F /* SelectBeatCards.swift */,
				2C25E6F42905F897006B2D59 /* TransparentThumbSlider.swift */,
			);
			path = Model;
			sourceTree = "<group>";
		};
		2CDA10ED23EBA10700014D55 /* View */ = {
			isa = PBXGroup;
			children = (
				2CD14C1623DA6E0E00157D75 /* Main.storyboard */,
				2CD14C1B23DA6E1100157D75 /* LaunchScreen.storyboard */,
			);
			path = View;
			sourceTree = "<group>";
		};
		2CDA10EE23EBA10E00014D55 /* Controller */ = {
			isa = PBXGroup;
			children = (
				2CD14C1423DA6E0E00157D75 /* HomeScreenViewController.swift */,
			);
			path = Controller;
			sourceTree = "<group>";
		};
		2CDC809F23FB9E3E00EAA6F3 /* Samples */ = {
			isa = PBXGroup;
			children = (
				2CBCEA0323FE62F900B7FFC3 /* bass_drum_C1.wav */,
				2CBCEA0923FE62FA00B7FFC3 /* clap_D#1.wav */,
				2CBCEA0823FE62FA00B7FFC3 /* closed_hi_hat_F#1.wav */,
				2CBCEA0A23FE62FA00B7FFC3 /* hi_tom_D2.wav */,
				2CBCEA0723FE62FA00B7FFC3 /* lo_tom_F1.wav */,
				2CBCEA0423FE62F900B7FFC3 /* mid_tom_B1.wav */,
				2CBCEA0523FE62FA00B7FFC3 /* open_hi_hat_A#1.wav */,
				2CBCEA0623FE62FA00B7FFC3 /* snare_D1.wav */,
			);
			path = Samples;
			sourceTree = "<group>";
		};
		8ECAB7EAB8580F1514E88939 /* Pods */ = {
			isa = PBXGroup;
			children = (
				DA235EE71FAA0FEAE432373D /* Pods-Four Brains.debug.xcconfig */,
				C0C84D486AF7D670341AE9C6 /* Pods-Four Brains.release.xcconfig */,
			);
			path = Pods;
			sourceTree = "<group>";
		};
		A2BBFC49ABB4D322D042DCCE /* Frameworks */ = {
			isa = PBXGroup;
			children = (
				2CD8FD8C26293819006D7FF8 /* AVFoundation.framework */,
				8E15CB79A7D359F076EB77EB /* Pods_Four_Brains.framework */,
			);
			name = Frameworks;
			sourceTree = "<group>";
		};
/* End PBXGroup section */

/* Begin PBXNativeTarget section */
		2CD14C0C23DA6E0E00157D75 /* Four Brains */ = {
			isa = PBXNativeTarget;
			buildConfigurationList = 2CD14C2123DA6E1100157D75 /* Build configuration list for PBXNativeTarget "Four Brains" */;
			buildPhases = (
				680D76F5DEB02EFD727DD69A /* [CP] Check Pods Manifest.lock */,
				2CAAEA01285664C100462B2F /* Run SwiftLint */,
				2CD14C0923DA6E0E00157D75 /* Sources */,
				2CD14C0A23DA6E0E00157D75 /* Frameworks */,
				2CD14C0B23DA6E0E00157D75 /* Resources */,
				2DFE790E21396CC93D98AC8D /* [CP] Embed Pods Frameworks */,
			);
			buildRules = (
			);
			dependencies = (
				2CF3FBC428F3C3F40038A1E1 /* PBXTargetDependency */,
				2CF3FBC228F3C3E90038A1E1 /* PBXTargetDependency */,
			);
			name = "Four Brains";
			packageProductDependencies = (
				2C3909922910A72D0008308F /* Collections */,
				2C3909942910A72D0008308F /* DequeModule */,
				2C3909962910A72D0008308F /* OrderedCollections */,
				2C8C149F2910A97F005A4CB4 /* AudioKit */,
			);
			productName = "Four Brains";
			productReference = 2CD14C0D23DA6E0E00157D75 /* Four Brains.app */;
			productType = "com.apple.product-type.application";
		};
/* End PBXNativeTarget section */

/* Begin PBXProject section */
		2CD14C0523DA6E0E00157D75 /* Project object */ = {
			isa = PBXProject;
			attributes = {
				LastSwiftUpdateCheck = 1130;
				LastUpgradeCheck = 1230;
				ORGANIZATIONNAME = "Marcus Kim";
				TargetAttributes = {
					2CD14C0C23DA6E0E00157D75 = {
						CreatedOnToolsVersion = 11.3.1;
					};
				};
			};
			buildConfigurationList = 2CD14C0823DA6E0E00157D75 /* Build configuration list for PBXProject "Four Brains" */;
			compatibilityVersion = "Xcode 11.0";
			developmentRegion = en;
			hasScannedForEncodings = 0;
			knownRegions = (
				en,
				Base,
			);
			mainGroup = 2CD14C0423DA6E0E00157D75;
			packageReferences = (
				2C3909912910A72D0008308F /* XCRemoteSwiftPackageReference "swift-collections" */,
				2C8C149E2910A97F005A4CB4 /* XCRemoteSwiftPackageReference "AudioKit" */,
			);
			productRefGroup = 2CD14C0E23DA6E0E00157D75 /* Products */;
			projectDirPath = "";
			projectRoot = "";
			targets = (
				2CD14C0C23DA6E0E00157D75 /* Four Brains */,
			);
		};
/* End PBXProject section */

/* Begin PBXResourcesBuildPhase section */
		2CD14C0B23DA6E0E00157D75 /* Resources */ = {
			isa = PBXResourcesBuildPhase;
			buildActionMask = 2147483647;
			files = (
				2C40F42125A7C24D000CB925 /* parley bold.ttf in Resources */,
				2C14C1A223FBCEAE005D764A /* 4tracks.mid in Resources */,
				2CBCEA0D23FE62FB00B7FFC3 /* open_hi_hat_A#1.wav in Resources */,
				2CBCEA0B23FE62FB00B7FFC3 /* bass_drum_C1.wav in Resources */,
				2CD14C1D23DA6E1100157D75 /* LaunchScreen.storyboard in Resources */,
				2CBCEA1223FE62FB00B7FFC3 /* hi_tom_D2.wav in Resources */,
				2CD14C1A23DA6E1100157D75 /* Assets.xcassets in Resources */,
				2CBCEA0C23FE62FB00B7FFC3 /* mid_tom_B1.wav in Resources */,
				2CBCEA1023FE62FB00B7FFC3 /* closed_hi_hat_F#1.wav in Resources */,
				2CD14C1823DA6E0E00157D75 /* Main.storyboard in Resources */,
				2CBCEA0E23FE62FB00B7FFC3 /* snare_D1.wav in Resources */,
				2CBCEA0F23FE62FB00B7FFC3 /* lo_tom_F1.wav in Resources */,
				2CBCEA1123FE62FB00B7FFC3 /* clap_D#1.wav in Resources */,
			);
			runOnlyForDeploymentPostprocessing = 0;
		};
/* End PBXResourcesBuildPhase section */

/* Begin PBXShellScriptBuildPhase section */
		2CAAEA01285664C100462B2F /* Run SwiftLint */ = {
			isa = PBXShellScriptBuildPhase;
			buildActionMask = 2147483647;
			files = (
			);
			inputFileListPaths = (
			);
			inputPaths = (
			);
			name = "Run SwiftLint";
			outputFileListPaths = (
			);
			outputPaths = (
			);
			runOnlyForDeploymentPostprocessing = 0;
			shellPath = /bin/sh;
			shellScript = "if which swiftlint > /dev/null; then\n  swiftlint\nelse\n  echo \"warning: SwiftLint not installed, download from https://github.com/realm/SwiftLint\"\nfi\n";
		};
		2DFE790E21396CC93D98AC8D /* [CP] Embed Pods Frameworks */ = {
			isa = PBXShellScriptBuildPhase;
			buildActionMask = 2147483647;
			files = (
			);
			inputFileListPaths = (
				"${PODS_ROOT}/Target Support Files/Pods-Four Brains/Pods-Four Brains-frameworks-${CONFIGURATION}-input-files.xcfilelist",
			);
			name = "[CP] Embed Pods Frameworks";
			outputFileListPaths = (
				"${PODS_ROOT}/Target Support Files/Pods-Four Brains/Pods-Four Brains-frameworks-${CONFIGURATION}-output-files.xcfilelist",
			);
			runOnlyForDeploymentPostprocessing = 0;
			shellPath = /bin/sh;
			shellScript = "\"${PODS_ROOT}/Target Support Files/Pods-Four Brains/Pods-Four Brains-frameworks.sh\"\n";
			showEnvVarsInLog = 0;
		};
		680D76F5DEB02EFD727DD69A /* [CP] Check Pods Manifest.lock */ = {
			isa = PBXShellScriptBuildPhase;
			buildActionMask = 2147483647;
			files = (
			);
			inputFileListPaths = (
			);
			inputPaths = (
				"${PODS_PODFILE_DIR_PATH}/Podfile.lock",
				"${PODS_ROOT}/Manifest.lock",
			);
			name = "[CP] Check Pods Manifest.lock";
			outputFileListPaths = (
			);
			outputPaths = (
				"$(DERIVED_FILE_DIR)/Pods-Four Brains-checkManifestLockResult.txt",
			);
			runOnlyForDeploymentPostprocessing = 0;
			shellPath = /bin/sh;
			shellScript = "diff \"${PODS_PODFILE_DIR_PATH}/Podfile.lock\" \"${PODS_ROOT}/Manifest.lock\" > /dev/null\nif [ $? != 0 ] ; then\n    # print error to STDERR\n    echo \"error: The sandbox is not in sync with the Podfile.lock. Run 'pod install' or update your CocoaPods installation.\" >&2\n    exit 1\nfi\n# This output is used by Xcode 'outputs' to avoid re-running this script phase.\necho \"SUCCESS\" > \"${SCRIPT_OUTPUT_FILE_0}\"\n";
			showEnvVarsInLog = 0;
		};
/* End PBXShellScriptBuildPhase section */

/* Begin PBXSourcesBuildPhase section */
		2CD14C0923DA6E0E00157D75 /* Sources */ = {
			isa = PBXSourcesBuildPhase;
			buildActionMask = 2147483647;
			files = (
				2C7B386023ED28AC00C120E7 /* Metronome.swift in Sources */,
				2C6F6F15261BF2B1000CE29F /* K.swift in Sources */,
				2C7B386223ED294600C120E7 /* DrumSounds.swift in Sources */,
				2CD14C1523DA6E0E00157D75 /* HomeScreenViewController.swift in Sources */,
				2C7C0D582403B5BC006ACD98 /* WholeBeat.swift in Sources */,
				2CD14C1123DA6E0E00157D75 /* AppDelegate.swift in Sources */,
				2C25E6F52905F897006B2D59 /* TransparentThumbSlider.swift in Sources */,
				2C58E1D52410DDDF0045929E /* Snooze.swift in Sources */,
				2C7B386423ED299A00C120E7 /* PlayBackEngine.swift in Sources */,
				2CAAEA042856B10300462B2F /* SelectBeatCards.swift in Sources */,
				2CD14C1323DA6E0E00157D75 /* SceneDelegate.swift in Sources */,
				2C58E1D3241087AF0045929E /* Mute.swift in Sources */,
				2CC459202403364000176304 /* Randomization.swift in Sources */,
				2CDA10E623EAB76900014D55 /* BeatCard.swift in Sources */,
			);
			runOnlyForDeploymentPostprocessing = 0;
		};
/* End PBXSourcesBuildPhase section */

/* Begin PBXTargetDependency section */
		2CF3FBC228F3C3E90038A1E1 /* PBXTargetDependency */ = {
			isa = PBXTargetDependency;
			productRef = 2CF3FBC128F3C3E90038A1E1 /* HGCircularSlider */;
		};
		2CF3FBC428F3C3F40038A1E1 /* PBXTargetDependency */ = {
			isa = PBXTargetDependency;
			productRef = 2CF3FBC328F3C3F40038A1E1 /* AudioKit */;
		};
/* End PBXTargetDependency section */

/* Begin PBXVariantGroup section */
		2CD14C1623DA6E0E00157D75 /* Main.storyboard */ = {
			isa = PBXVariantGroup;
			children = (
				2CD14C1723DA6E0E00157D75 /* Base */,
			);
			name = Main.storyboard;
			sourceTree = "<group>";
		};
		2CD14C1B23DA6E1100157D75 /* LaunchScreen.storyboard */ = {
			isa = PBXVariantGroup;
			children = (
				2CD14C1C23DA6E1100157D75 /* Base */,
			);
			name = LaunchScreen.storyboard;
			sourceTree = "<group>";
		};
/* End PBXVariantGroup section */

/* Begin XCBuildConfiguration section */
		2CD14C1F23DA6E1100157D75 /* Debug */ = {
			isa = XCBuildConfiguration;
			buildSettings = {
				ALWAYS_SEARCH_USER_PATHS = NO;
				CLANG_ANALYZER_NONNULL = YES;
				CLANG_ANALYZER_NUMBER_OBJECT_CONVERSION = YES_AGGRESSIVE;
				CLANG_CXX_LANGUAGE_STANDARD = "gnu++14";
				CLANG_CXX_LIBRARY = "libc++";
				CLANG_ENABLE_MODULES = YES;
				CLANG_ENABLE_OBJC_ARC = YES;
				CLANG_ENABLE_OBJC_WEAK = YES;
				CLANG_WARN_BLOCK_CAPTURE_AUTORELEASING = YES;
				CLANG_WARN_BOOL_CONVERSION = YES;
				CLANG_WARN_COMMA = YES;
				CLANG_WARN_CONSTANT_CONVERSION = YES;
				CLANG_WARN_DEPRECATED_OBJC_IMPLEMENTATIONS = YES;
				CLANG_WARN_DIRECT_OBJC_ISA_USAGE = YES_ERROR;
				CLANG_WARN_DOCUMENTATION_COMMENTS = YES;
				CLANG_WARN_EMPTY_BODY = YES;
				CLANG_WARN_ENUM_CONVERSION = YES;
				CLANG_WARN_INFINITE_RECURSION = YES;
				CLANG_WARN_INT_CONVERSION = YES;
				CLANG_WARN_NON_LITERAL_NULL_CONVERSION = YES;
				CLANG_WARN_OBJC_IMPLICIT_RETAIN_SELF = YES;
				CLANG_WARN_OBJC_LITERAL_CONVERSION = YES;
				CLANG_WARN_OBJC_ROOT_CLASS = YES_ERROR;
				CLANG_WARN_QUOTED_INCLUDE_IN_FRAMEWORK_HEADER = YES;
				CLANG_WARN_RANGE_LOOP_ANALYSIS = YES;
				CLANG_WARN_STRICT_PROTOTYPES = YES;
				CLANG_WARN_SUSPICIOUS_MOVE = YES;
				CLANG_WARN_UNGUARDED_AVAILABILITY = YES_AGGRESSIVE;
				CLANG_WARN_UNREACHABLE_CODE = YES;
				CLANG_WARN__DUPLICATE_METHOD_MATCH = YES;
				COPY_PHASE_STRIP = NO;
				DEBUG_INFORMATION_FORMAT = dwarf;
				ENABLE_STRICT_OBJC_MSGSEND = YES;
				ENABLE_TESTABILITY = YES;
				GCC_C_LANGUAGE_STANDARD = gnu11;
				GCC_DYNAMIC_NO_PIC = NO;
				GCC_NO_COMMON_BLOCKS = YES;
				GCC_OPTIMIZATION_LEVEL = 0;
				GCC_PREPROCESSOR_DEFINITIONS = (
					"DEBUG=1",
					"$(inherited)",
				);
				GCC_WARN_64_TO_32_BIT_CONVERSION = YES;
				GCC_WARN_ABOUT_RETURN_TYPE = YES_ERROR;
				GCC_WARN_UNDECLARED_SELECTOR = YES;
				GCC_WARN_UNINITIALIZED_AUTOS = YES_AGGRESSIVE;
				GCC_WARN_UNUSED_FUNCTION = YES;
				GCC_WARN_UNUSED_VARIABLE = YES;
				IPHONEOS_DEPLOYMENT_TARGET = 15.0;
				MTL_ENABLE_DEBUG_INFO = INCLUDE_SOURCE;
				MTL_FAST_MATH = YES;
				ONLY_ACTIVE_ARCH = YES;
				SDKROOT = iphoneos;
				SWIFT_ACTIVE_COMPILATION_CONDITIONS = DEBUG;
				SWIFT_OPTIMIZATION_LEVEL = "-Onone";
			};
			name = Debug;
		};
		2CD14C2023DA6E1100157D75 /* Release */ = {
			isa = XCBuildConfiguration;
			buildSettings = {
				ALWAYS_SEARCH_USER_PATHS = NO;
				CLANG_ANALYZER_NONNULL = YES;
				CLANG_ANALYZER_NUMBER_OBJECT_CONVERSION = YES_AGGRESSIVE;
				CLANG_CXX_LANGUAGE_STANDARD = "gnu++14";
				CLANG_CXX_LIBRARY = "libc++";
				CLANG_ENABLE_MODULES = YES;
				CLANG_ENABLE_OBJC_ARC = YES;
				CLANG_ENABLE_OBJC_WEAK = YES;
				CLANG_WARN_BLOCK_CAPTURE_AUTORELEASING = YES;
				CLANG_WARN_BOOL_CONVERSION = YES;
				CLANG_WARN_COMMA = YES;
				CLANG_WARN_CONSTANT_CONVERSION = YES;
				CLANG_WARN_DEPRECATED_OBJC_IMPLEMENTATIONS = YES;
				CLANG_WARN_DIRECT_OBJC_ISA_USAGE = YES_ERROR;
				CLANG_WARN_DOCUMENTATION_COMMENTS = YES;
				CLANG_WARN_EMPTY_BODY = YES;
				CLANG_WARN_ENUM_CONVERSION = YES;
				CLANG_WARN_INFINITE_RECURSION = YES;
				CLANG_WARN_INT_CONVERSION = YES;
				CLANG_WARN_NON_LITERAL_NULL_CONVERSION = YES;
				CLANG_WARN_OBJC_IMPLICIT_RETAIN_SELF = YES;
				CLANG_WARN_OBJC_LITERAL_CONVERSION = YES;
				CLANG_WARN_OBJC_ROOT_CLASS = YES_ERROR;
				CLANG_WARN_QUOTED_INCLUDE_IN_FRAMEWORK_HEADER = YES;
				CLANG_WARN_RANGE_LOOP_ANALYSIS = YES;
				CLANG_WARN_STRICT_PROTOTYPES = YES;
				CLANG_WARN_SUSPICIOUS_MOVE = YES;
				CLANG_WARN_UNGUARDED_AVAILABILITY = YES_AGGRESSIVE;
				CLANG_WARN_UNREACHABLE_CODE = YES;
				CLANG_WARN__DUPLICATE_METHOD_MATCH = YES;
				COPY_PHASE_STRIP = NO;
				DEBUG_INFORMATION_FORMAT = "dwarf-with-dsym";
				ENABLE_NS_ASSERTIONS = NO;
				ENABLE_STRICT_OBJC_MSGSEND = YES;
				GCC_C_LANGUAGE_STANDARD = gnu11;
				GCC_NO_COMMON_BLOCKS = YES;
				GCC_WARN_64_TO_32_BIT_CONVERSION = YES;
				GCC_WARN_ABOUT_RETURN_TYPE = YES_ERROR;
				GCC_WARN_UNDECLARED_SELECTOR = YES;
				GCC_WARN_UNINITIALIZED_AUTOS = YES_AGGRESSIVE;
				GCC_WARN_UNUSED_FUNCTION = YES;
				GCC_WARN_UNUSED_VARIABLE = YES;
				IPHONEOS_DEPLOYMENT_TARGET = 15.0;
				MTL_ENABLE_DEBUG_INFO = NO;
				MTL_FAST_MATH = YES;
				SDKROOT = iphoneos;
				SWIFT_COMPILATION_MODE = wholemodule;
				SWIFT_OPTIMIZATION_LEVEL = "-O";
				VALIDATE_PRODUCT = YES;
			};
			name = Release;
		};
		2CD14C2223DA6E1100157D75 /* Debug */ = {
			isa = XCBuildConfiguration;
			baseConfigurationReference = DA235EE71FAA0FEAE432373D /* Pods-Four Brains.debug.xcconfig */;
			buildSettings = {
				ASSETCATALOG_COMPILER_APPICON_NAME = AppIcon;
				CODE_SIGN_IDENTITY = "Apple Development";
				CODE_SIGN_STYLE = Automatic;
				DEVELOPMENT_TEAM = 79X64CRQXT;
				FRAMEWORK_SEARCH_PATHS = "$(inherited)";
				INFOPLIST_FILE = "Four Brains/Info.plist";
				IPHONEOS_DEPLOYMENT_TARGET = 15.0;
				LD_RUNPATH_SEARCH_PATHS = (
					"$(inherited)",
					"@executable_path/Frameworks",
				);
				PRODUCT_BUNDLE_IDENTIFIER = "com.MarcusKim.Four-Brains";
				PRODUCT_NAME = "$(TARGET_NAME)";
				PROVISIONING_PROFILE_SPECIFIER = "";
				SWIFT_VERSION = 5.0;
				TARGETED_DEVICE_FAMILY = 1;
				_ = "";
			};
			name = Debug;
		};
		2CD14C2323DA6E1100157D75 /* Release */ = {
			isa = XCBuildConfiguration;
			baseConfigurationReference = C0C84D486AF7D670341AE9C6 /* Pods-Four Brains.release.xcconfig */;
			buildSettings = {
				ASSETCATALOG_COMPILER_APPICON_NAME = AppIcon;
				CODE_SIGN_IDENTITY = "Apple Development";
				CODE_SIGN_STYLE = Automatic;
				DEVELOPMENT_TEAM = 79X64CRQXT;
				FRAMEWORK_SEARCH_PATHS = "$(inherited)";
				INFOPLIST_FILE = "Four Brains/Info.plist";
				IPHONEOS_DEPLOYMENT_TARGET = 15.0;
				LD_RUNPATH_SEARCH_PATHS = (
					"$(inherited)",
					"@executable_path/Frameworks",
				);
				PRODUCT_BUNDLE_IDENTIFIER = "com.MarcusKim.Four-Brains";
				PRODUCT_NAME = "$(TARGET_NAME)";
				PROVISIONING_PROFILE_SPECIFIER = "";
				SWIFT_VERSION = 5.0;
				TARGETED_DEVICE_FAMILY = 1;
				_ = "";
			};
			name = Release;
		};
/* End XCBuildConfiguration section */

/* Begin XCConfigurationList section */
		2CD14C0823DA6E0E00157D75 /* Build configuration list for PBXProject "Four Brains" */ = {
			isa = XCConfigurationList;
			buildConfigurations = (
				2CD14C1F23DA6E1100157D75 /* Debug */,
				2CD14C2023DA6E1100157D75 /* Release */,
			);
			defaultConfigurationIsVisible = 0;
			defaultConfigurationName = Release;
		};
		2CD14C2123DA6E1100157D75 /* Build configuration list for PBXNativeTarget "Four Brains" */ = {
			isa = XCConfigurationList;
			buildConfigurations = (
				2CD14C2223DA6E1100157D75 /* Debug */,
				2CD14C2323DA6E1100157D75 /* Release */,
			);
			defaultConfigurationIsVisible = 0;
			defaultConfigurationName = Release;
		};
/* End XCConfigurationList section */

/* Begin XCRemoteSwiftPackageReference section */
		2C3909912910A72D0008308F /* XCRemoteSwiftPackageReference "swift-collections" */ = {
			isa = XCRemoteSwiftPackageReference;
			repositoryURL = "https://github.com/apple/swift-collections.git";
			requirement = {
				kind = upToNextMinorVersion;
				minimumVersion = 1.0.0;
			};
		};
		2C8C149E2910A97F005A4CB4 /* XCRemoteSwiftPackageReference "AudioKit" */ = {
			isa = XCRemoteSwiftPackageReference;
			repositoryURL = "https://github.com/AudioKit/AudioKit";
			requirement = {
				kind = exactVersion;
				version = 5.0.0;
			};
		};
		2CD0AABF28EFCDE80048305B /* XCRemoteSwiftPackageReference "HGCircularSlider" */ = {
			isa = XCRemoteSwiftPackageReference;
			repositoryURL = "https://github.com/HamzaGhazouani/HGCircularSlider";
			requirement = {
				branch = master;
				kind = branch;
			};
		};
		2CD8FD872627EA47006D7FF8 /* XCRemoteSwiftPackageReference "AudioKit" */ = {
			isa = XCRemoteSwiftPackageReference;
			repositoryURL = "https://github.com/AudioKit/AudioKit";
			requirement = {
				branch = "v5-main";
				kind = branch;
			};
		};
/* End XCRemoteSwiftPackageReference section */

/* Begin XCSwiftPackageProductDependency section */
		2C3909922910A72D0008308F /* Collections */ = {
			isa = XCSwiftPackageProductDependency;
			package = 2C3909912910A72D0008308F /* XCRemoteSwiftPackageReference "swift-collections" */;
			productName = Collections;
		};
		2C3909942910A72D0008308F /* DequeModule */ = {
			isa = XCSwiftPackageProductDependency;
			package = 2C3909912910A72D0008308F /* XCRemoteSwiftPackageReference "swift-collections" */;
			productName = DequeModule;
		};
		2C3909962910A72D0008308F /* OrderedCollections */ = {
			isa = XCSwiftPackageProductDependency;
			package = 2C3909912910A72D0008308F /* XCRemoteSwiftPackageReference "swift-collections" */;
			productName = OrderedCollections;
		};
		2C8C149F2910A97F005A4CB4 /* AudioKit */ = {
			isa = XCSwiftPackageProductDependency;
			package = 2C8C149E2910A97F005A4CB4 /* XCRemoteSwiftPackageReference "AudioKit" */;
			productName = AudioKit;
		};
		2CF3FBC128F3C3E90038A1E1 /* HGCircularSlider */ = {
			isa = XCSwiftPackageProductDependency;
			package = 2CD0AABF28EFCDE80048305B /* XCRemoteSwiftPackageReference "HGCircularSlider" */;
			productName = HGCircularSlider;
		};
		2CF3FBC328F3C3F40038A1E1 /* AudioKit */ = {
			isa = XCSwiftPackageProductDependency;
			package = 2CD8FD872627EA47006D7FF8 /* XCRemoteSwiftPackageReference "AudioKit" */;
			productName = AudioKit;
		};
/* End XCSwiftPackageProductDependency section */
	};
	rootObject = 2CD14C0523DA6E0E00157D75 /* Project object */;
}
